
Microsoft Visual Studio Solution File, Format Version 12.00
# Visual Studio Version 17
VisualStudioVersion = 17.3.32825.248
MinimumVisualStudioVersion = 10.0.40219.1
Project("{FAE04EC0-301F-11D3-BF4B-00C04F79EFBC}") = "nfngv", "nfngv.csproj", "{36A2B218-AFCE-41F7-BA03-71F4C837FE57}"
EndProject
Global
	GlobalSection(SolutionConfigurationPlatforms) = preSolution
		Debug|Any CPU = Debug|Any CPU
		Release|Any CPU = Release|Any CPU
	EndGlobalSection
	GlobalSection(ProjectConfigurationPlatforms) = postSolution
		{36A2B218-AFCE-41F7-BA03-71F4C837FE57}.Debug|Any CPU.ActiveCfg = Debug|Any CPU
		{36A2B218-AFCE-41F7-BA03-71F4C837FE57}.Debug|Any CPU.Build.0 = Debug|Any CPU
		{36A2B218-AFCE-41F7-BA03-71F4C837FE57}.Release|Any CPU.ActiveCfg = Release|Any CPU
		{36A2B218-AFCE-41F7-BA03-71F4C837FE57}.Release|Any CPU.Build.0 = Release|Any CPU
	EndGlobalSection
	GlobalSection(SolutionProperties) = preSolution
		HideSolutionNode = FALSE
	EndGlobalSection
	GlobalSection(ExtensibilityGlobals) = postSolution
		SolutionGuid = {3636C9DA-09BD-49B0-9B44-D293B93131C9}
	EndGlobalSection
EndGlobal
